PODS:
  - Capacitor (5.7.4):
    - CapacitorCordova
  - CapacitorApp (5.0.7):
    - Capacitor
  - CapacitorCordova (5.7.4)
  - JohnpcFinancekitCapacitor (0.0.1):
    - Capacitor

DEPENDENCIES:
  - "Capacitor (from `../../node_modules/@capacitor/ios`)"
  - "CapacitorApp (from `../../node_modules/@capacitor/app`)"
  - "CapacitorCordova (from `../../node_modules/@capacitor/ios`)"
  - JohnpcFinancekitCapacitor (from `../../../financekit-capacitor-plugin/financekit-capacitor`)

EXTERNAL SOURCES:
  Capacitor:
    :path: "../../node_modules/@capacitor/ios"
  CapacitorApp:
    :path: "../../node_modules/@capacitor/app"
  CapacitorCordova:
    :path: "../../node_modules/@capacitor/ios"
  JohnpcFinancekitCapacitor:
    :path: "../../../financekit-capacitor-plugin/financekit-capacitor"

SPEC CHECKSUMS:
  Capacitor: 4fe9adf012caceb4c71ffea2f1f4d005cdcbeea7
  CapacitorApp: 17fecd0e6cb23feafac7eb0939417389038b0979
  CapacitorCordova: a6e87fccc0307dee7aec1560ec9398485f2b0ce7
  JohnpcFinancekitCapacitor: 3c51e1461d6c97eaf4c274b05da0a1f7603d43e6

PODFILE CHECKSUM: 2e141fd7ff259a93d1b05352f1e76e17bf8677ab

COCOAPODS: 1.15.2
