PODS:
  - Capacitor (5.7.8):
    - CapacitorCordova
  - CapacitorApp (5.0.8):
    - Capacitor
  - CapacitorCordova (5.7.8)
  - CapacitorLocalNotifications (5.0.8):
    - Capacitor
  - JohnpcFinancekitCapacitor (0.0.3):
    - Capacitor

DEPENDENCIES:
  - "Capacitor (from `../../node_modules/@capacitor/ios`)"
  - "CapacitorApp (from `../../node_modules/@capacitor/app`)"
  - "CapacitorCordova (from `../../node_modules/@capacitor/ios`)"
  - "CapacitorLocalNotifications (from `../../node_modules/@capacitor/local-notifications`)"
  - "JohnpcFinancekitCapacitor (from `../../node_modules/@johnpc/financekit-capacitor`)"

EXTERNAL SOURCES:
  Capacitor:
    :path: "../../node_modules/@capacitor/ios"
  CapacitorApp:
    :path: "../../node_modules/@capacitor/app"
  CapacitorCordova:
    :path: "../../node_modules/@capacitor/ios"
  CapacitorLocalNotifications:
    :path: "../../node_modules/@capacitor/local-notifications"
  JohnpcFinancekitCapacitor:
    :path: "../../node_modules/@johnpc/financekit-capacitor"

SPEC CHECKSUMS:
  Capacitor: 9686e5711b48a1aa84671ede795d0175848abcba
  CapacitorApp: 8026f7ce1ac72780258d05a90c07deb5c724c0fa
  CapacitorCordova: 31ab98dca2ddcee051027a1afe7e8c85c82f7297
  CapacitorLocalNotifications: 73765422be07829b2d0a4c7c22a77ea2252ca210
  JohnpcFinancekitCapacitor: 071d13cca73d04a76eb9143da55772488042a0c6

PODFILE CHECKSUM: 90cd720faa5cc0a3f8fb6ec12b78b184ed71d4b6

COCOAPODS: 1.16.2
